
Microsoft Visual Studio Solution File, Format Version 12.00
# Visual Studio 15
VisualStudioVersion = 15.0.28307.572
MinimumVisualStudioVersion = 10.0.40219.1
Project("{FAE04EC0-301F-11D3-BF4B-00C04F79EFBC}") = "HelloSoftUni", "HelloSoftUni\HelloSoftUni.csproj", "{A9482258-D707-4640-B660-97EB0578214C}"
EndProject
Global
	GlobalSection(SolutionConfigurationPlatforms) = preSolution
		Debug|Any CPU = Debug|Any CPU
		Release|Any CPU = Release|Any CPU
	EndGlobalSection
	GlobalSection(ProjectConfigurationPlatforms) = postSolution
		{A9482258-D707-4640-B660-97EB0578214C}.Debug|Any CPU.ActiveCfg = Debug|Any CPU
		{A9482258-D707-4640-B660-97EB0578214C}.Debug|Any CPU.Build.0 = Debug|Any CPU
		{A9482258-D707-4640-B660-97EB0578214C}.Release|Any CPU.ActiveCfg = Release|Any CPU
		{A9482258-D707-4640-B660-97EB0578214C}.Release|Any CPU.Build.0 = Release|Any CPU
	EndGlobalSection
	GlobalSection(SolutionProperties) = preSolution
		HideSolutionNode = FALSE
	EndGlobalSection
	GlobalSection(ExtensibilityGlobals) = postSolution
		SolutionGuid = {0C266F2F-BEE6-4468-9E48-A91FACEC9B80}
	EndGlobalSection
EndGlobal
