
Microsoft Visual Studio Solution File, Format Version 12.00
# Visual Studio 15
VisualStudioVersion = 15.0.28307.572
MinimumVisualStudioVersion = 10.0.40219.1
Project("{FAE04EC0-301F-11D3-BF4B-00C04F79EFBC}") = "Nums1to20", "Nums1to20\Nums1to20.csproj", "{5662C694-9319-4D93-B512-B5B4BD842D01}"
EndProject
Global
	GlobalSection(SolutionConfigurationPlatforms) = preSolution
		Debug|Any CPU = Debug|Any CPU
		Release|Any CPU = Release|Any CPU
	EndGlobalSection
	GlobalSection(ProjectConfigurationPlatforms) = postSolution
		{5662C694-9319-4D93-B512-B5B4BD842D01}.Debug|Any CPU.ActiveCfg = Debug|Any CPU
		{5662C694-9319-4D93-B512-B5B4BD842D01}.Debug|Any CPU.Build.0 = Debug|Any CPU
		{5662C694-9319-4D93-B512-B5B4BD842D01}.Release|Any CPU.ActiveCfg = Release|Any CPU
		{5662C694-9319-4D93-B512-B5B4BD842D01}.Release|Any CPU.Build.0 = Release|Any CPU
	EndGlobalSection
	GlobalSection(SolutionProperties) = preSolution
		HideSolutionNode = FALSE
	EndGlobalSection
	GlobalSection(ExtensibilityGlobals) = postSolution
		SolutionGuid = {74AC4EC5-CB8E-46F6-B551-68B3B859B934}
	EndGlobalSection
EndGlobal
